
Microsoft Visual Studio Solution File, Format Version 12.00
# Visual Studio Version 17
VisualStudioVersion = 17.13.35825.156 d17.13
MinimumVisualStudioVersion = 10.0.40219.1
Project("{FAE04EC0-301F-11D3-BF4B-00C04F79EFBC}") = "AntiDDos", "AntiDDos.csproj", "{412AD3D3-440C-4ADD-B45F-AC04411161A3}"
EndProject
Global
	GlobalSection(SolutionConfigurationPlatforms) = preSolution
		Debug|Any CPU = Debug|Any CPU
		Release|Any CPU = Release|Any CPU
	EndGlobalSection
	GlobalSection(ProjectConfigurationPlatforms) = postSolution
		{412AD3D3-440C-4ADD-B45F-AC04411161A3}.Debug|Any CPU.ActiveCfg = Debug|Any CPU
		{412AD3D3-440C-4ADD-B45F-AC04411161A3}.Debug|Any CPU.Build.0 = Debug|Any CPU
		{412AD3D3-440C-4ADD-B45F-AC04411161A3}.Release|Any CPU.ActiveCfg = Release|Any CPU
		{412AD3D3-440C-4ADD-B45F-AC04411161A3}.Release|Any CPU.Build.0 = Release|Any CPU
	EndGlobalSection
	GlobalSection(SolutionProperties) = preSolution
		HideSolutionNode = FALSE
	EndGlobalSection
	GlobalSection(ExtensibilityGlobals) = postSolution
		SolutionGuid = {8242CF55-6D21-4E6B-A01B-43C2F57C382F}
	EndGlobalSection
EndGlobal
